
Microsoft Visual Studio Solution File, Format Version 12.00
# Visual Studio 15
VisualStudioVersion = 15.0.28010.2050
MinimumVisualStudioVersion = 10.0.40219.1
Project("{FAE04EC0-301F-11D3-BF4B-00C04F79EFBC}") = "ACIR", "ACIR\ACIR.csproj", "{1C75DF3C-426A-4A4D-A87A-81C849BBE95E}"
EndProject
Project("{2150E333-8FDC-42A3-9474-1A3956D46DE8}") = "Solution Items", "Solution Items", "{4B1C7D12-282F-420F-9F5D-D76055850EE1}"
EndProject
Global
	GlobalSection(SolutionConfigurationPlatforms) = preSolution
		Debug|Any CPU = Debug|Any CPU
		Release|Any CPU = Release|Any CPU
	EndGlobalSection
	GlobalSection(ProjectConfigurationPlatforms) = postSolution
		{1C75DF3C-426A-4A4D-A87A-81C849BBE95E}.Debug|Any CPU.ActiveCfg = Debug|Any CPU
		{1C75DF3C-426A-4A4D-A87A-81C849BBE95E}.Debug|Any CPU.Build.0 = Debug|Any CPU
		{1C75DF3C-426A-4A4D-A87A-81C849BBE95E}.Release|Any CPU.ActiveCfg = Release|Any CPU
		{1C75DF3C-426A-4A4D-A87A-81C849BBE95E}.Release|Any CPU.Build.0 = Release|Any CPU
	EndGlobalSection
	GlobalSection(SolutionProperties) = preSolution
		HideSolutionNode = FALSE
	EndGlobalSection
	GlobalSection(ExtensibilityGlobals) = postSolution
		SolutionGuid = {D4676CA0-DCB5-41EA-A8AF-5822C4BDF47E}
	EndGlobalSection
EndGlobal
